// !$*UTF8*$!
{
	archiveVersion = 1;
	classes = {
	};
	objectVersion = 56;
	objects = {

/* Begin PBXBuildFile section */
		110000000000000000000001 /* BrainTouchARSensorApp.swift in Sources */ = {isa = PBXBuildFile; fileRef = 110000000000000000000101 /* BrainTouchARSensorApp.swift */; };
		110000000000000000000002 /* ContentView.swift in Sources */ = {isa = PBXBuildFile; fileRef = 110000000000000000000102 /* ContentView.swift */; };
		110000000000000000000003 /* ARViewContainer.swift in Sources */ = {isa = PBXBuildFile; fileRef = 110000000000000000000103 /* ARViewContainer.swift */; };
		110000000000000000000004 /* ARSessionModel.swift in Sources */ = {isa = PBXBuildFile; fileRef = 110000000000000000000104 /* ARSessionModel.swift */; };
		110000000000000000000005 /* TestEventWebSocketClient.swift in Sources */ = {isa = PBXBuildFile; fileRef = 110000000000000000000105 /* TestEventWebSocketClient.swift */; };
		110000000000000000000006 /* HandPoseSnapshot.swift in Sources */ = {isa = PBXBuildFile; fileRef = 110000000000000000000106 /* HandPoseSnapshot.swift */; };
		110000000000000000000007 /* DepthSampler.swift in Sources */ = {isa = PBXBuildFile; fileRef = 110000000000000000000109 /* DepthSampler.swift */; };
		110000000000000000000008 /* PointUnprojector.swift in Sources */ = {isa = PBXBuildFile; fileRef = 110000000000000000000110 /* PointUnprojector.swift */; };
		110000000000000000000009 /* TouchDetector.swift in Sources */ = {isa = PBXBuildFile; fileRef = 110000000000000000000111 /* TouchDetector.swift */; };
		110000000000000000000010 /* BrainCalibration.swift in Sources */ = {isa = PBXBuildFile; fileRef = 110000000000000000000112 /* BrainCalibration.swift */; };
		110000000000000000000011 /* MeshTouchInterfaces.swift in Sources */ = {isa = PBXBuildFile; fileRef = 110000000000000000000113 /* MeshTouchInterfaces.swift */; };
		110000000000000000000012 /* DepthBrainCalibrator.swift in Sources */ = {isa = PBXBuildFile; fileRef = 110000000000000000000114 /* DepthBrainCalibrator.swift */; };
		110000000000000000000013 /* BrainSTLMesh.swift in Sources */ = {isa = PBXBuildFile; fileRef = 110000000000000000000115 /* BrainSTLMesh.swift */; };
		110000000000000000000014 /* brain_model.stl in Resources */ = {isa = PBXBuildFile; fileRef = 110000000000000000000116 /* brain_model.stl */; };
		110000000000000000000015 /* BrainSTLProjection.swift in Sources */ = {isa = PBXBuildFile; fileRef = 110000000000000000000117 /* BrainSTLProjection.swift */; };
		110000000000000000000016 /* MediaPipeHandLandmarker.swift in Sources */ = {isa = PBXBuildFile; fileRef = 110000000000000000000118 /* MediaPipeHandLandmarker.swift */; };
		110000000000000000000017 /* hand_landmarker.task in Resources */ = {isa = PBXBuildFile; fileRef = 110000000000000000000119 /* hand_landmarker.task */; };
		110000000000000000000018 /* BrainRegionBlockClassifier.swift in Sources */ = {isa = PBXBuildFile; fileRef = 110000000000000000000120 /* BrainRegionBlockClassifier.swift */; };
		110000000000000000000019 /* FingerContactResolver.swift in Sources */ = {isa = PBXBuildFile; fileRef = 110000000000000000000121 /* FingerContactResolver.swift */; };
		110000000000000000000020 /* DebugOverlayViews.swift in Sources */ = {isa = PBXBuildFile; fileRef = 110000000000000000000122 /* DebugOverlayViews.swift */; };
		6663FCDB8F6DEF8711B1ADCC /* Pods_BrainTouchARSensor.framework in Frameworks */ = {isa = PBXBuildFile; fileRef = C8771A0120AB6592CFF4AF45 /* Pods_BrainTouchARSensor.framework */; };
/* End PBXBuildFile section */

/* Begin PBXFileReference section */
		110000000000000000000101 /* BrainTouchARSensorApp.swift */ = {isa = PBXFileReference; lastKnownFileType = sourcecode.swift; path = BrainTouchARSensorApp.swift; sourceTree = "<group>"; };
		110000000000000000000102 /* ContentView.swift */ = {isa = PBXFileReference; lastKnownFileType = sourcecode.swift; path = ContentView.swift; sourceTree = "<group>"; };
		110000000000000000000103 /* ARViewContainer.swift */ = {isa = PBXFileReference; lastKnownFileType = sourcecode.swift; path = ARViewContainer.swift; sourceTree = "<group>"; };
		110000000000000000000104 /* ARSessionModel.swift */ = {isa = PBXFileReference; lastKnownFileType = sourcecode.swift; path = ARSessionModel.swift; sourceTree = "<group>"; };
		110000000000000000000105 /* TestEventWebSocketClient.swift */ = {isa = PBXFileReference; lastKnownFileType = sourcecode.swift; path = TestEventWebSocketClient.swift; sourceTree = "<group>"; };
		110000000000000000000106 /* HandPoseSnapshot.swift */ = {isa = PBXFileReference; lastKnownFileType = sourcecode.swift; path = HandPoseSnapshot.swift; sourceTree = "<group>"; };
		110000000000000000000107 /* Info.plist */ = {isa = PBXFileReference; lastKnownFileType = text.plist.xml; path = Info.plist; sourceTree = "<group>"; };
		110000000000000000000108 /* BrainTouchARSensor.app */ = {isa = PBXFileReference; explicitFileType = wrapper.application; includeInIndex = 0; path = BrainTouchARSensor.app; sourceTree = BUILT_PRODUCTS_DIR; };
		110000000000000000000109 /* DepthSampler.swift */ = {isa = PBXFileReference; lastKnownFileType = sourcecode.swift; path = DepthSampler.swift; sourceTree = "<group>"; };
		110000000000000000000110 /* PointUnprojector.swift */ = {isa = PBXFileReference; lastKnownFileType = sourcecode.swift; path = PointUnprojector.swift; sourceTree = "<group>"; };
		110000000000000000000111 /* TouchDetector.swift */ = {isa = PBXFileReference; lastKnownFileType = sourcecode.swift; path = TouchDetector.swift; sourceTree = "<group>"; };
		110000000000000000000112 /* BrainCalibration.swift */ = {isa = PBXFileReference; lastKnownFileType = sourcecode.swift; path = BrainCalibration.swift; sourceTree = "<group>"; };
		110000000000000000000113 /* MeshTouchInterfaces.swift */ = {isa = PBXFileReference; lastKnownFileType = sourcecode.swift; path = MeshTouchInterfaces.swift; sourceTree = "<group>"; };
		110000000000000000000114 /* DepthBrainCalibrator.swift */ = {isa = PBXFileReference; lastKnownFileType = sourcecode.swift; path = DepthBrainCalibrator.swift; sourceTree = "<group>"; };
		110000000000000000000115 /* BrainSTLMesh.swift */ = {isa = PBXFileReference; lastKnownFileType = sourcecode.swift; path = BrainSTLMesh.swift; sourceTree = "<group>"; };
		110000000000000000000116 /* brain_model.stl */ = {isa = PBXFileReference; lastKnownFileType = file; path = brain_model.stl; sourceTree = "<group>"; };
		110000000000000000000117 /* BrainSTLProjection.swift */ = {isa = PBXFileReference; lastKnownFileType = sourcecode.swift; path = BrainSTLProjection.swift; sourceTree = "<group>"; };
		110000000000000000000118 /* MediaPipeHandLandmarker.swift */ = {isa = PBXFileReference; lastKnownFileType = sourcecode.swift; path = MediaPipeHandLandmarker.swift; sourceTree = "<group>"; };
		110000000000000000000119 /* hand_landmarker.task */ = {isa = PBXFileReference; lastKnownFileType = file; path = hand_landmarker.task; sourceTree = "<group>"; };
		110000000000000000000120 /* BrainRegionBlockClassifier.swift */ = {isa = PBXFileReference; lastKnownFileType = sourcecode.swift; path = BrainRegionBlockClassifier.swift; sourceTree = "<group>"; };
		110000000000000000000121 /* FingerContactResolver.swift */ = {isa = PBXFileReference; lastKnownFileType = sourcecode.swift; path = FingerContactResolver.swift; sourceTree = "<group>"; };
		110000000000000000000122 /* DebugOverlayViews.swift */ = {isa = PBXFileReference; lastKnownFileType = sourcecode.swift; path = DebugOverlayViews.swift; sourceTree = "<group>"; };
		720822EB28293A9EE1BE1CB6 /* Pods-BrainTouchARSensor.release.xcconfig */ = {isa = PBXFileReference; includeInIndex = 1; lastKnownFileType = text.xcconfig; name = "Pods-BrainTouchARSensor.release.xcconfig"; path = "Target Support Files/Pods-BrainTouchARSensor/Pods-BrainTouchARSensor.release.xcconfig"; sourceTree = "<group>"; };
		97150B32BDEA67AAD2B01E35 /* Pods-BrainTouchARSensor.debug.xcconfig */ = {isa = PBXFileReference; includeInIndex = 1; lastKnownFileType = text.xcconfig; name = "Pods-BrainTouchARSensor.debug.xcconfig"; path = "Target Support Files/Pods-BrainTouchARSensor/Pods-BrainTouchARSensor.debug.xcconfig"; sourceTree = "<group>"; };
		C8771A0120AB6592CFF4AF45 /* Pods_BrainTouchARSensor.framework */ = {isa = PBXFileReference; explicitFileType = wrapper.framework; includeInIndex = 0; path = Pods_BrainTouchARSensor.framework; sourceTree = BUILT_PRODUCTS_DIR; };
/* End PBXFileReference section */

/* Begin PBXFrameworksBuildPhase section */
		110000000000000000000201 /* Frameworks */ = {
			isa = PBXFrameworksBuildPhase;
			buildActionMask = 2147483647;
			files = (
				6663FCDB8F6DEF8711B1ADCC /* Pods_BrainTouchARSensor.framework in Frameworks */,
			);
			runOnlyForDeploymentPostprocessing = 0;
		};
/* End PBXFrameworksBuildPhase section */

/* Begin PBXGroup section */
		0103F3DFCBECEA4E194B2275 /* Pods */ = {
			isa = PBXGroup;
			children = (
				97150B32BDEA67AAD2B01E35 /* Pods-BrainTouchARSensor.debug.xcconfig */,
				720822EB28293A9EE1BE1CB6 /* Pods-BrainTouchARSensor.release.xcconfig */,
			);
			name = Pods;
			path = Pods;
			sourceTree = "<group>";
		};
		110000000000000000000301 = {
			isa = PBXGroup;
			children = (
				110000000000000000000302 /* BrainTouchARSensor */,
				110000000000000000000303 /* Config */,
				110000000000000000000305 /* Resources */,
				110000000000000000000304 /* Products */,
				0103F3DFCBECEA4E194B2275 /* Pods */,
				F226411D6B595F4C012D549E /* Frameworks */,
			);
			sourceTree = "<group>";
		};
		110000000000000000000302 /* BrainTouchARSensor */ = {
			isa = PBXGroup;
			children = (
				110000000000000000000101 /* BrainTouchARSensorApp.swift */,
				110000000000000000000102 /* ContentView.swift */,
				110000000000000000000122 /* DebugOverlayViews.swift */,
				110000000000000000000103 /* ARViewContainer.swift */,
				110000000000000000000104 /* ARSessionModel.swift */,
				110000000000000000000105 /* TestEventWebSocketClient.swift */,
				110000000000000000000106 /* HandPoseSnapshot.swift */,
				110000000000000000000109 /* DepthSampler.swift */,
				110000000000000000000110 /* PointUnprojector.swift */,
				110000000000000000000111 /* TouchDetector.swift */,
				110000000000000000000112 /* BrainCalibration.swift */,
				110000000000000000000113 /* MeshTouchInterfaces.swift */,
				110000000000000000000114 /* DepthBrainCalibrator.swift */,
				110000000000000000000115 /* BrainSTLMesh.swift */,
				110000000000000000000117 /* BrainSTLProjection.swift */,
				110000000000000000000120 /* BrainRegionBlockClassifier.swift */,
				110000000000000000000121 /* FingerContactResolver.swift */,
				110000000000000000000118 /* MediaPipeHandLandmarker.swift */,
			);
			path = Sources/BrainTouchARSensor;
			sourceTree = "<group>";
		};
		110000000000000000000303 /* Config */ = {
			isa = PBXGroup;
			children = (
				110000000000000000000107 /* Info.plist */,
			);
			path = Config;
			sourceTree = "<group>";
		};
		110000000000000000000304 /* Products */ = {
			isa = PBXGroup;
			children = (
				110000000000000000000108 /* BrainTouchARSensor.app */,
			);
			name = Products;
			sourceTree = "<group>";
		};
		110000000000000000000305 /* Resources */ = {
			isa = PBXGroup;
			children = (
				110000000000000000000116 /* brain_model.stl */,
				110000000000000000000119 /* hand_landmarker.task */,
			);
			path = Resources;
			sourceTree = "<group>";
		};
		F226411D6B595F4C012D549E /* Frameworks */ = {
			isa = PBXGroup;
			children = (
				C8771A0120AB6592CFF4AF45 /* Pods_BrainTouchARSensor.framework */,
			);
			name = Frameworks;
			sourceTree = "<group>";
		};
/* End PBXGroup section */

/* Begin PBXNativeTarget section */
		110000000000000000000401 /* BrainTouchARSensor */ = {
			isa = PBXNativeTarget;
			buildConfigurationList = 110000000000000000000701 /* Build configuration list for PBXNativeTarget "BrainTouchARSensor" */;
			buildPhases = (
				D28133A4F9409E9E57D8D29A /* [CP] Check Pods Manifest.lock */,
				110000000000000000000601 /* Sources */,
				110000000000000000000201 /* Frameworks */,
				110000000000000000000602 /* Resources */,
			);
			buildRules = (
			);
			dependencies = (
			);
			name = BrainTouchARSensor;
			productName = BrainTouchARSensor;
			productReference = 110000000000000000000108 /* BrainTouchARSensor.app */;
			productType = "com.apple.product-type.application";
		};
/* End PBXNativeTarget section */

/* Begin PBXProject section */
		110000000000000000000501 /* Project object */ = {
			isa = PBXProject;
			attributes = {
				BuildIndependentTargetsInParallel = 1;
				LastSwiftUpdateCheck = 2640;
				LastUpgradeCheck = 2640;
				TargetAttributes = {
					110000000000000000000401 = {
						CreatedOnToolsVersion = 26.4.1;
					};
				};
			};
			buildConfigurationList = 110000000000000000000702 /* Build configuration list for PBXProject "BrainTouchARSensor" */;
			compatibilityVersion = "Xcode 14.0";
			developmentRegion = en;
			hasScannedForEncodings = 0;
			knownRegions = (
				en,
				Base,
			);
			mainGroup = 110000000000000000000301;
			productRefGroup = 110000000000000000000304 /* Products */;
			projectDirPath = "";
			projectRoot = "";
			targets = (
				110000000000000000000401 /* BrainTouchARSensor */,
			);
		};
/* End PBXProject section */

/* Begin PBXResourcesBuildPhase section */
		110000000000000000000602 /* Resources */ = {
			isa = PBXResourcesBuildPhase;
			buildActionMask = 2147483647;
			files = (
				110000000000000000000014 /* brain_model.stl in Resources */,
				110000000000000000000017 /* hand_landmarker.task in Resources */,
			);
			runOnlyForDeploymentPostprocessing = 0;
		};
/* End PBXResourcesBuildPhase section */

/* Begin PBXShellScriptBuildPhase section */
		D28133A4F9409E9E57D8D29A /* [CP] Check Pods Manifest.lock */ = {
			isa = PBXShellScriptBuildPhase;
			buildActionMask = 2147483647;
			files = (
			);
			inputFileListPaths = (
			);
			inputPaths = (
				"${PODS_PODFILE_DIR_PATH}/Podfile.lock",
				"${PODS_ROOT}/Manifest.lock",
			);
			name = "[CP] Check Pods Manifest.lock";
			outputFileListPaths = (
			);
			outputPaths = (
				"$(DERIVED_FILE_DIR)/Pods-BrainTouchARSensor-checkManifestLockResult.txt",
			);
			runOnlyForDeploymentPostprocessing = 0;
			shellPath = /bin/sh;
			shellScript = "diff \"${PODS_PODFILE_DIR_PATH}/Podfile.lock\" \"${PODS_ROOT}/Manifest.lock\" > /dev/null\nif [ $? != 0 ] ; then\n    # print error to STDERR\n    echo \"error: The sandbox is not in sync with the Podfile.lock. Run 'pod install' or update your CocoaPods installation.\" >&2\n    exit 1\nfi\n# This output is used by Xcode 'outputs' to avoid re-running this script phase.\necho \"SUCCESS\" > \"${SCRIPT_OUTPUT_FILE_0}\"\n";
			showEnvVarsInLog = 0;
		};
/* End PBXShellScriptBuildPhase section */

/* Begin PBXSourcesBuildPhase section */
		110000000000000000000601 /* Sources */ = {
			isa = PBXSourcesBuildPhase;
			buildActionMask = 2147483647;
			files = (
				110000000000000000000001 /* BrainTouchARSensorApp.swift in Sources */,
				110000000000000000000002 /* ContentView.swift in Sources */,
				110000000000000000000020 /* DebugOverlayViews.swift in Sources */,
				110000000000000000000003 /* ARViewContainer.swift in Sources */,
				110000000000000000000004 /* ARSessionModel.swift in Sources */,
				110000000000000000000005 /* TestEventWebSocketClient.swift in Sources */,
				110000000000000000000006 /* HandPoseSnapshot.swift in Sources */,
				110000000000000000000007 /* DepthSampler.swift in Sources */,
				110000000000000000000008 /* PointUnprojector.swift in Sources */,
				110000000000000000000009 /* TouchDetector.swift in Sources */,
				110000000000000000000010 /* BrainCalibration.swift in Sources */,
				110000000000000000000011 /* MeshTouchInterfaces.swift in Sources */,
				110000000000000000000012 /* DepthBrainCalibrator.swift in Sources */,
				110000000000000000000013 /* BrainSTLMesh.swift in Sources */,
				110000000000000000000015 /* BrainSTLProjection.swift in Sources */,
				110000000000000000000018 /* BrainRegionBlockClassifier.swift in Sources */,
				110000000000000000000019 /* FingerContactResolver.swift in Sources */,
				110000000000000000000016 /* MediaPipeHandLandmarker.swift in Sources */,
			);
			runOnlyForDeploymentPostprocessing = 0;
		};
/* End PBXSourcesBuildPhase section */

/* Begin XCBuildConfiguration section */
		110000000000000000000801 /* Debug */ = {
			isa = XCBuildConfiguration;
			buildSettings = {
				ALWAYS_SEARCH_USER_PATHS = NO;
				CLANG_ANALYZER_NONNULL = YES;
				CLANG_ANALYZER_NUMBER_OBJECT_CONVERSION = YES_AGGRESSIVE;
				CLANG_CXX_LANGUAGE_STANDARD = "gnu++20";
				CLANG_ENABLE_MODULES = YES;
				CLANG_ENABLE_OBJC_ARC = YES;
				CLANG_ENABLE_OBJC_WEAK = YES;
				CLANG_WARN_BLOCK_CAPTURE_AUTORELEASING = YES;
				CLANG_WARN_BOOL_CONVERSION = YES;
				CLANG_WARN_COMMA = YES;
				CLANG_WARN_CONSTANT_CONVERSION = YES;
				CLANG_WARN_DEPRECATED_OBJC_IMPLEMENTATIONS = YES;
				CLANG_WARN_DIRECT_OBJC_ISA_USAGE = YES_ERROR;
				CLANG_WARN_DOCUMENTATION_COMMENTS = YES;
				CLANG_WARN_EMPTY_BODY = YES;
				CLANG_WARN_ENUM_CONVERSION = YES;
				CLANG_WARN_INFINITE_RECURSION = YES;
				CLANG_WARN_INT_CONVERSION = YES;
				CLANG_WARN_NON_LITERAL_NULL_CONVERSION = YES;
				CLANG_WARN_OBJC_IMPLICIT_RETAIN_SELF = YES;
				CLANG_WARN_OBJC_LITERAL_CONVERSION = YES;
				CLANG_WARN_OBJC_ROOT_CLASS = YES_ERROR;
				CLANG_WARN_QUOTED_INCLUDE_IN_FRAMEWORK_HEADER = YES;
				CLANG_WARN_RANGE_LOOP_ANALYSIS = YES;
				CLANG_WARN_STRICT_PROTOTYPES = YES;
				CLANG_WARN_SUSPICIOUS_MOVE = YES;
				CLANG_WARN_UNGUARDED_AVAILABILITY = YES_AGGRESSIVE;
				CLANG_WARN_UNREACHABLE_CODE = YES;
				CLANG_WARN__DUPLICATE_METHOD_MATCH = YES;
				COPY_PHASE_STRIP = NO;
				DEBUG_INFORMATION_FORMAT = dwarf;
				ENABLE_STRICT_OBJC_MSGSEND = YES;
				ENABLE_TESTABILITY = YES;
				ENABLE_USER_SCRIPT_SANDBOXING = YES;
				GCC_C_LANGUAGE_STANDARD = gnu17;
				GCC_DYNAMIC_NO_PIC = NO;
				GCC_NO_COMMON_BLOCKS = YES;
				GCC_OPTIMIZATION_LEVEL = 0;
				GCC_PREPROCESSOR_DEFINITIONS = (
					"DEBUG=1",
					"$(inherited)",
				);
				GCC_WARN_64_TO_32_BIT_CONVERSION = YES;
				GCC_WARN_ABOUT_RETURN_TYPE = YES_ERROR;
				GCC_WARN_UNDECLARED_SELECTOR = YES;
				GCC_WARN_UNINITIALIZED_AUTOS = YES_AGGRESSIVE;
				GCC_WARN_UNUSED_FUNCTION = YES;
				GCC_WARN_UNUSED_VARIABLE = YES;
				IPHONEOS_DEPLOYMENT_TARGET = 16.0;
				MTL_ENABLE_DEBUG_INFO = INCLUDE_SOURCE;
				MTL_FAST_MATH = YES;
				ONLY_ACTIVE_ARCH = YES;
				SDKROOT = iphoneos;
				SWIFT_ACTIVE_COMPILATION_CONDITIONS = DEBUG;
				SWIFT_OPTIMIZATION_LEVEL = "-Onone";
			};
			name = Debug;
		};
		110000000000000000000802 /* Release */ = {
			isa = XCBuildConfiguration;
			buildSettings = {
				ALWAYS_SEARCH_USER_PATHS = NO;
				CLANG_ANALYZER_NONNULL = YES;
				CLANG_ANALYZER_NUMBER_OBJECT_CONVERSION = YES_AGGRESSIVE;
				CLANG_CXX_LANGUAGE_STANDARD = "gnu++20";
				CLANG_ENABLE_MODULES = YES;
				CLANG_ENABLE_OBJC_ARC = YES;
				CLANG_ENABLE_OBJC_WEAK = YES;
				CLANG_WARN_BLOCK_CAPTURE_AUTORELEASING = YES;
				CLANG_WARN_BOOL_CONVERSION = YES;
				CLANG_WARN_COMMA = YES;
				CLANG_WARN_CONSTANT_CONVERSION = YES;
				CLANG_WARN_DEPRECATED_OBJC_IMPLEMENTATIONS = YES;
				CLANG_WARN_DIRECT_OBJC_ISA_USAGE = YES_ERROR;
				CLANG_WARN_DOCUMENTATION_COMMENTS = YES;
				CLANG_WARN_EMPTY_BODY = YES;
				CLANG_WARN_ENUM_CONVERSION = YES;
				CLANG_WARN_INFINITE_RECURSION = YES;
				CLANG_WARN_INT_CONVERSION = YES;
				CLANG_WARN_NON_LITERAL_NULL_CONVERSION = YES;
				CLANG_WARN_OBJC_IMPLICIT_RETAIN_SELF = YES;
				CLANG_WARN_OBJC_LITERAL_CONVERSION = YES;
				CLANG_WARN_OBJC_ROOT_CLASS = YES_ERROR;
				CLANG_WARN_QUOTED_INCLUDE_IN_FRAMEWORK_HEADER = YES;
				CLANG_WARN_RANGE_LOOP_ANALYSIS = YES;
				CLANG_WARN_STRICT_PROTOTYPES = YES;
				CLANG_WARN_SUSPICIOUS_MOVE = YES;
				CLANG_WARN_UNGUARDED_AVAILABILITY = YES_AGGRESSIVE;
				CLANG_WARN_UNREACHABLE_CODE = YES;
				CLANG_WARN__DUPLICATE_METHOD_MATCH = YES;
				COPY_PHASE_STRIP = NO;
				DEBUG_INFORMATION_FORMAT = "dwarf-with-dsym";
				ENABLE_NS_ASSERTIONS = NO;
				ENABLE_STRICT_OBJC_MSGSEND = YES;
				ENABLE_USER_SCRIPT_SANDBOXING = YES;
				GCC_C_LANGUAGE_STANDARD = gnu17;
				GCC_NO_COMMON_BLOCKS = YES;
				GCC_WARN_64_TO_32_BIT_CONVERSION = YES;
				GCC_WARN_ABOUT_RETURN_TYPE = YES_ERROR;
				GCC_WARN_UNDECLARED_SELECTOR = YES;
				GCC_WARN_UNINITIALIZED_AUTOS = YES_AGGRESSIVE;
				GCC_WARN_UNUSED_FUNCTION = YES;
				GCC_WARN_UNUSED_VARIABLE = YES;
				IPHONEOS_DEPLOYMENT_TARGET = 16.0;
				MTL_ENABLE_DEBUG_INFO = NO;
				MTL_FAST_MATH = YES;
				SDKROOT = iphoneos;
				SWIFT_COMPILATION_MODE = wholemodule;
				SWIFT_OPTIMIZATION_LEVEL = "-O";
			};
			name = Release;
		};
		110000000000000000000803 /* Debug */ = {
			isa = XCBuildConfiguration;
			baseConfigurationReference = 97150B32BDEA67AAD2B01E35 /* Pods-BrainTouchARSensor.debug.xcconfig */;
			buildSettings = {
				ASSETCATALOG_COMPILER_GLOBAL_ACCENT_COLOR_NAME = AccentColor;
				CODE_SIGN_STYLE = Automatic;
				CURRENT_PROJECT_VERSION = 1;
				DEVELOPMENT_ASSET_PATHS = "";
				DEVELOPMENT_TEAM = 8RG9SZV7A9;
				GENERATE_INFOPLIST_FILE = NO;
				INFOPLIST_FILE = Config/Info.plist;
				INFOPLIST_KEY_UIApplicationSupportsIndirectInputEvents = YES;
				IPHONEOS_DEPLOYMENT_TARGET = 16.0;
				LD_RUNPATH_SEARCH_PATHS = (
					"$(inherited)",
					"@executable_path/Frameworks",
				);
				MARKETING_VERSION = 0.1.0;
				PRODUCT_BUNDLE_IDENTIFIER = com.example.BrainTouchARSensor;
				PRODUCT_NAME = "$(TARGET_NAME)";
				SUPPORTED_PLATFORMS = "iphoneos iphonesimulator";
				SUPPORTS_MACCATALYST = NO;
				SWIFT_EMIT_LOC_STRINGS = YES;
				SWIFT_VERSION = 5.0;
				TARGETED_DEVICE_FAMILY = 1;
			};
			name = Debug;
		};
		110000000000000000000804 /* Release */ = {
			isa = XCBuildConfiguration;
			baseConfigurationReference = 720822EB28293A9EE1BE1CB6 /* Pods-BrainTouchARSensor.release.xcconfig */;
			buildSettings = {
				ASSETCATALOG_COMPILER_GLOBAL_ACCENT_COLOR_NAME = AccentColor;
				CODE_SIGN_STYLE = Automatic;
				CURRENT_PROJECT_VERSION = 1;
				DEVELOPMENT_ASSET_PATHS = "";
				DEVELOPMENT_TEAM = 8RG9SZV7A9;
				GENERATE_INFOPLIST_FILE = NO;
				INFOPLIST_FILE = Config/Info.plist;
				INFOPLIST_KEY_UIApplicationSupportsIndirectInputEvents = YES;
				IPHONEOS_DEPLOYMENT_TARGET = 16.0;
				LD_RUNPATH_SEARCH_PATHS = (
					"$(inherited)",
					"@executable_path/Frameworks",
				);
				MARKETING_VERSION = 0.1.0;
				PRODUCT_BUNDLE_IDENTIFIER = com.example.BrainTouchARSensor;
				PRODUCT_NAME = "$(TARGET_NAME)";
				SUPPORTED_PLATFORMS = "iphoneos iphonesimulator";
				SUPPORTS_MACCATALYST = NO;
				SWIFT_EMIT_LOC_STRINGS = YES;
				SWIFT_VERSION = 5.0;
				TARGETED_DEVICE_FAMILY = 1;
			};
			name = Release;
		};
/* End XCBuildConfiguration section */

/* Begin XCConfigurationList section */
		110000000000000000000701 /* Build configuration list for PBXNativeTarget "BrainTouchARSensor" */ = {
			isa = XCConfigurationList;
			buildConfigurations = (
				110000000000000000000803 /* Debug */,
				110000000000000000000804 /* Release */,
			);
			defaultConfigurationIsVisible = 0;
			defaultConfigurationName = Release;
		};
		110000000000000000000702 /* Build configuration list for PBXProject "BrainTouchARSensor" */ = {
			isa = XCConfigurationList;
			buildConfigurations = (
				110000000000000000000801 /* Debug */,
				110000000000000000000802 /* Release */,
			);
			defaultConfigurationIsVisible = 0;
			defaultConfigurationName = Release;
		};
/* End XCConfigurationList section */
	};
	rootObject = 110000000000000000000501 /* Project object */;
}
